{
    "name": "tools-vue",
    "version": "1.0.0",
    "lockfileVersion": 1,
    "requires": true,
    "dependencies": {
        "@babel/parser": {
            "version": "7.15.8",
            "resolved": "https://registry.npmjs.org/@babel/parser/-/parser-7.15.8.tgz",
            "integrity": "sha512-BRYa3wcQnjS/nqI8Ac94pYYpJfojHVvVXJ97+IDCImX4Jc8W8Xv1+47enbruk+q1etOpsQNwnfFcNGw+gtPGxA=="
        },
        "@popperjs/core": {
            "version": "2.10.2",
            "resolved": "https://registry.npmjs.org/@popperjs/core/-/core-2.10.2.tgz",
            "integrity": "sha512-IXf3XA7+XyN7CP9gGh/XB0UxVMlvARGEgGXLubFICsUMGz6Q+DU+i4gGlpOxTjKvXjkJDJC8YdqdKkDj9qZHEQ=="
        },
        "@vitejs/plugin-vue": {
            "version": "1.9.3",
            "resolved": "https://registry.npmjs.org/@vitejs/plugin-vue/-/plugin-vue-1.9.3.tgz",
            "integrity": "sha512-yW6H/q+4Mc2PcVjSOelcsMrg/k15DnMUz8jyCFsI04emc3aLwo4AoofUfGnjHUkgirrDxSJLVqQVGhonQ3yykA==",
            "dev": true
        },
        "@vue/compiler-core": {
            "version": "3.2.20",
            "resolved": "https://registry.npmjs.org/@vue/compiler-core/-/compiler-core-3.2.20.tgz",
            "integrity": "sha512-vcEXlKXoPwBXFP5aUTHN9GTZaDfwCofa9Yu9bbW2C5O/QSa9Esdt7OG4+0RRd3EHEMxUvEdj4RZrd/KpQeiJbA==",
            "requires": {
                "@babel/parser": "^7.15.0",
                "@vue/shared": "3.2.20",
                "estree-walker": "^2.0.2",
                "source-map": "^0.6.1"
            }
        },
        "@vue/compiler-dom": {
            "version": "3.2.20",
            "resolved": "https://registry.npmjs.org/@vue/compiler-dom/-/compiler-dom-3.2.20.tgz",
            "integrity": "sha512-QnI77ec/JtV7R0YBbcVayYTDCRcI9OCbxiUQK6izVyqQO0658n0zQuoNwe+bYgtqnvGAIqTR3FShTd5y4oOjdg==",
            "requires": {
                "@vue/compiler-core": "3.2.20",
                "@vue/shared": "3.2.20"
            }
        },
        "@vue/compiler-sfc": {
            "version": "3.2.20",
            "resolved": "https://registry.npmjs.org/@vue/compiler-sfc/-/compiler-sfc-3.2.20.tgz",
            "integrity": "sha512-03aZo+6tQKiFLfunHKSPZvdK4Jsn/ftRCyaro8AQIWkuxJbvSosbKK6HTTn+D2c3nPScG155akJoxKENw7rftQ==",
            "requires": {
                "@babel/parser": "^7.15.0",
                "@vue/compiler-core": "3.2.20",
                "@vue/compiler-dom": "3.2.20",
                "@vue/compiler-ssr": "3.2.20",
                "@vue/ref-transform": "3.2.20",
                "@vue/shared": "3.2.20",
                "estree-walker": "^2.0.2",
                "magic-string": "^0.25.7",
                "postcss": "^8.1.10",
                "source-map": "^0.6.1"
            }
        },
        "@vue/compiler-ssr": {
            "version": "3.2.20",
            "resolved": "https://registry.npmjs.org/@vue/compiler-ssr/-/compiler-ssr-3.2.20.tgz",
            "integrity": "sha512-rzzVVYivm+EjbfiGQvNeyiYZWzr6Hkej97RZLZvcumacQlnKv9176Xo9rRyeWwFbBlxmtNdrVMslRXtipMXk2w==",
            "requires": {
                "@vue/compiler-dom": "3.2.20",
                "@vue/shared": "3.2.20"
            }
        },
        "@vue/devtools-api": {
            "version": "6.0.0-beta.15",
            "resolved": "https://registry.nlark.com/@vue/devtools-api/download/@vue/devtools-api-6.0.0-beta.15.tgz?cache=0&other_urls=https%3A%2F%2Fregistry.nlark.com%2F%40vue%2Fdevtools-api%2Fdownload%2F%40vue%2Fdevtools-api-6.0.0-beta.15.tgz",
            "integrity": "sha1-rXyzhOBi8WW8+cg3MhJb/7wq2D0="
        },
        "@vue/reactivity": {
            "version": "3.2.20",
            "resolved": "https://registry.npmjs.org/@vue/reactivity/-/reactivity-3.2.20.tgz",
            "integrity": "sha512-nSmoLojUTk+H8HNTAkrUduB4+yIUBK2HPihJo2uXVSH4Spry6oqN6lFzE5zpLK+F27Sja+UqR9R1+/kIOsHV5w==",
            "requires": {
                "@vue/shared": "3.2.20"
            }
        },
        "@vue/ref-transform": {
            "version": "3.2.20",
            "resolved": "https://registry.npmjs.org/@vue/ref-transform/-/ref-transform-3.2.20.tgz",
            "integrity": "sha512-Y42d3PGlYZ1lXcF3dbd3+qU/C/a3wYEZ949fyOI5ptzkjDWlkfU6vn74fmOjsLjEcjs10BXK2qO99FqQIK2r1Q==",
            "requires": {
                "@babel/parser": "^7.15.0",
                "@vue/compiler-core": "3.2.20",
                "@vue/shared": "3.2.20",
                "estree-walker": "^2.0.2",
                "magic-string": "^0.25.7"
            }
        },
        "@vue/runtime-core": {
            "version": "3.2.20",
            "resolved": "https://registry.npmjs.org/@vue/runtime-core/-/runtime-core-3.2.20.tgz",
            "integrity": "sha512-d1xfUGhZPfiZzAN7SatStD4vRtT8deJSXib2+Cz3x0brjMWKxe32asQc154FF1E2fFgMCHtnfd4A90bQEzV4GQ==",
            "requires": {
                "@vue/reactivity": "3.2.20",
                "@vue/shared": "3.2.20"
            }
        },
        "@vue/runtime-dom": {
            "version": "3.2.20",
            "resolved": "https://registry.npmjs.org/@vue/runtime-dom/-/runtime-dom-3.2.20.tgz",
            "integrity": "sha512-4TCvZMLhESWCFHFYgqN4QmMA/onnINAlUovhopjlS8ST27G1A8Z0tyxPzLoXLa+b5JrOpbMPheEMPvdKExTJig==",
            "requires": {
                "@vue/runtime-core": "3.2.20",
                "@vue/shared": "3.2.20",
                "csstype": "^2.6.8"
            }
        },
        "@vue/server-renderer": {
            "version": "3.2.20",
            "resolved": "https://registry.npmjs.org/@vue/server-renderer/-/server-renderer-3.2.20.tgz",
            "integrity": "sha512-viIbZGep9XabnrRcaxWIi00cOh1x21QYm2upIL5W0zqzTJ54VdTzpI+zi1osNp+VfRQDTHpV2U7H3Kn4ljYJvg==",
            "requires": {
                "@vue/compiler-ssr": "3.2.20",
                "@vue/shared": "3.2.20"
            }
        },
        "@vue/shared": {
            "version": "3.2.20",
            "resolved": "https://registry.npmjs.org/@vue/shared/-/shared-3.2.20.tgz",
            "integrity": "sha512-FbpX+hD5BvXCQerEYO7jtAGHlhAkhTQ4KIV73kmLWNlawWhTiVuQxizgVb0BOkX5oG9cIRZ42EG++d/k/Efp0w=="
        },
        "@vueuse/core": {
            "version": "6.1.0",
            "resolved": "https://registry.npmjs.org/@vueuse/core/-/core-6.1.0.tgz",
            "integrity": "sha512-6KienU5QOWKuDqvHytep14274IGKyLlACzXjifOrgDQMkqvWZIUnDhpckT/1+O8n8DN59d5wzzICZI/2sfGCyg==",
            "requires": {
                "@vueuse/shared": "6.1.0",
                "vue-demi": "*"
            }
        },
        "@vueuse/shared": {
            "version": "6.1.0",
            "resolved": "https://registry.npmjs.org/@vueuse/shared/-/shared-6.1.0.tgz",
            "integrity": "sha512-teW0TUQryGnEprHeOI6oH8NPVJBirknxksEiNCtdEjIi8W7JSTg8JPO+e1XlGI6ly24NDlDXUDYaHJayiaXjuw==",
            "requires": {
                "vue-demi": "*"
            }
        },
        "ansi-styles": {
            "version": "4.3.0",
            "resolved": "https://registry.npmjs.org/ansi-styles/-/ansi-styles-4.3.0.tgz",
            "integrity": "sha512-zbB9rCJAT1rbjiVDb2hqKFHNYLxgtk8NURxZ3IZwD3F6NtxbXZQCnnSi1Lkx+IDohdPlFp222wVALIheZJQSEg==",
            "dev": true,
            "requires": {
                "color-convert": "^2.0.1"
            }
        },
        "anymatch": {
            "version": "3.1.2",
            "resolved": "https://registry.npmjs.org/anymatch/-/anymatch-3.1.2.tgz",
            "integrity": "sha512-P43ePfOAIupkguHUycrc4qJ9kz8ZiuOUijaETwX7THt0Y/GNK7v0aa8rY816xWjZ7rJdA5XdMcpVFTKMq+RvWg==",
            "dev": true,
            "requires": {
                "normalize-path": "^3.0.0",
                "picomatch": "^2.0.4"
            }
        },
        "async-validator": {
            "version": "4.0.5",
            "resolved": "https://registry.npmjs.org/async-validator/-/async-validator-4.0.5.tgz",
            "integrity": "sha512-xh1AFR/fde9XaPIRxxX4sPjX7JbNZrmiUmhh7vaicl8GdVS9N20EczB+NeCFYy545E21/xW6gBb2xPFVB0Qg0w==",
            "requires": {
                "url-regex": "^5.0.0"
            }
        },
        "axios": {
            "version": "0.23.0",
            "resolved": "https://registry.npmjs.org/axios/-/axios-0.23.0.tgz",
            "integrity": "sha512-NmvAE4i0YAv5cKq8zlDoPd1VLKAqX5oLuZKs8xkJa4qi6RGn0uhCYFjWtHHC9EM/MwOwYWOs53W+V0aqEXq1sg==",
            "requires": {
                "follow-redirects": "^1.14.4"
            }
        },
        "base64-arraybuffer": {
            "version": "0.2.0",
            "resolved": "https://registry.nlark.com/base64-arraybuffer/download/base64-arraybuffer-0.2.0.tgz?cache=0&sync_timestamp=1628588823959&other_urls=https%3A%2F%2Fregistry.nlark.com%2Fbase64-arraybuffer%2Fdownload%2Fbase64-arraybuffer-0.2.0.tgz",
            "integrity": "sha1-S5RPrAGRqlkHr+LYyZnMxXzoD0U="
        },
        "binary-extensions": {
            "version": "2.2.0",
            "resolved": "https://registry.npmjs.org/binary-extensions/-/binary-extensions-2.2.0.tgz",
            "integrity": "sha512-jDctJ/IVQbZoJykoeHbhXpOlNBqGNcwXJKJog42E5HDPUwQTSdjCHdihjj0DlnheQ7blbT6dHOafNAiS8ooQKA==",
            "dev": true
        },
        "blueimp-load-image": {
            "version": "5.15.0",
            "resolved": "https://registry.npmjs.org/blueimp-load-image/-/blueimp-load-image-5.15.0.tgz",
            "integrity": "sha512-sjaRkHPTLPcz1NIilZu2w6C2WiZBqCQ4QIAfcO+PFS9duAOomPUpnMwfGpiHQW3MUREZZ/0pEgjlrl6wQB5bAg=="
        },
        "braces": {
            "version": "3.0.2",
            "resolved": "https://registry.npmjs.org/braces/-/braces-3.0.2.tgz",
            "integrity": "sha512-b8um+L1RzM3WDSzvhm6gIz1yfTbBt6YTlcEKAvsmqCZZFw46z626lVj9j1yEPW33H5H+lBQpZMP1k8l+78Ha0A==",
            "dev": true,
            "requires": {
                "fill-range": "^7.0.1"
            }
        },
        "call-bind": {
            "version": "1.0.2",
            "resolved": "https://registry.nlark.com/call-bind/download/call-bind-1.0.2.tgz",
            "integrity": "sha1-sdTonmiBGcPJqQOtMKuy9qkZvjw=",
            "requires": {
                "function-bind": "^1.1.1",
                "get-intrinsic": "^1.0.2"
            }
        },
        "chalk": {
            "version": "4.1.2",
            "resolved": "https://registry.npmjs.org/chalk/-/chalk-4.1.2.tgz",
            "integrity": "sha512-oKnbhFyRIXpUuez8iBMmyEa4nbj4IOQyuhc/wy9kY7/WVPcwIO9VA668Pu8RkO7+0G76SLROeyw9CpQ061i4mA==",
            "dev": true,
            "requires": {
                "ansi-styles": "^4.1.0",
                "supports-color": "^7.1.0"
            }
        },
        "chokidar": {
            "version": "3.5.2",
            "resolved": "https://registry.npmjs.org/chokidar/-/chokidar-3.5.2.tgz",
            "integrity": "sha512-ekGhOnNVPgT77r4K/U3GDhu+FQ2S8TnK/s2KbIGXi0SZWuwkZ2QNyfWdZW+TVfn84DpEP7rLeCt2UI6bJ8GwbQ==",
            "dev": true,
            "requires": {
                "anymatch": "~3.1.2",
                "braces": "~3.0.2",
                "fsevents": "~2.3.2",
                "glob-parent": "~5.1.2",
                "is-binary-path": "~2.1.0",
                "is-glob": "~4.0.1",
                "normalize-path": "~3.0.0",
                "readdirp": "~3.6.0"
            }
        },
        "color": {
            "version": "4.0.1",
            "resolved": "https://registry.nlark.com/color/download/color-4.0.1.tgz?cache=0&sync_timestamp=1628104117021&other_urls=https%3A%2F%2Fregistry.nlark.com%2Fcolor%2Fdownload%2Fcolor-4.0.1.tgz",
            "integrity": "sha1-Id9EzRAkWpGxzPW6AxYJsOEOfWc=",
            "requires": {
                "color-convert": "^2.0.1",
                "color-string": "^1.6.0"
            }
        },
        "color-convert": {
            "version": "2.0.1",
            "resolved": "https://registry.nlark.com/color-convert/download/color-convert-2.0.1.tgz",
            "integrity": "sha1-ctOmjVmMm9s68q0ehPIdiWq9TeM=",
            "requires": {
                "color-name": "~1.1.4"
            }
        },
        "color-name": {
            "version": "1.1.4",
            "resolved": "https://registry.npm.taobao.org/color-name/download/color-name-1.1.4.tgz",
            "integrity": "sha1-wqCah6y95pVD3m9j+jmVyCbFNqI="
        },
        "color-string": {
            "version": "1.6.0",
            "resolved": "https://registry.nlark.com/color-string/download/color-string-1.6.0.tgz?cache=0&sync_timestamp=1626503533872&other_urls=https%3A%2F%2Fregistry.nlark.com%2Fcolor-string%2Fdownload%2Fcolor-string-1.6.0.tgz",
            "integrity": "sha1-w5FfYf4mdnLLfh4GTJ1pIhn2wxI=",
            "requires": {
                "color-name": "^1.0.0",
                "simple-swizzle": "^0.2.2"
            }
        },
        "css-line-break": {
            "version": "2.0.1",
            "resolved": "https://registry.nlark.com/css-line-break/download/css-line-break-2.0.1.tgz?cache=0&sync_timestamp=1628083455740&other_urls=https%3A%2F%2Fregistry.nlark.com%2Fcss-line-break%2Fdownload%2Fcss-line-break-2.0.1.tgz",
            "integrity": "sha1-PcdMLtXrZCEUgCgZMkdXkCQ+czg=",
            "requires": {
                "base64-arraybuffer": "^0.2.0"
            }
        },
        "csstype": {
            "version": "2.6.18",
            "resolved": "https://registry.npmjs.org/csstype/-/csstype-2.6.18.tgz",
            "integrity": "sha512-RSU6Hyeg14am3Ah4VZEmeX8H7kLwEEirXe6aU2IPfKNvhXwTflK5HQRDNI0ypQXoqmm+QPyG2IaPuQE5zMwSIQ=="
        },
        "dayjs": {
            "version": "1.10.7",
            "resolved": "https://registry.nlark.com/dayjs/download/dayjs-1.10.7.tgz",
            "integrity": "sha1-LPX5Gt0oEWdIRAhmoKHSbzps5Gg="
        },
        "debug": {
            "version": "4.3.2",
            "resolved": "https://registry.npmjs.org/debug/-/debug-4.3.2.tgz",
            "integrity": "sha512-mOp8wKcvj7XxC78zLgw/ZA+6TSgkoE2C/ienthhRD298T7UNwAg9diBpLRxC0mOezLl4B0xV7M0cCO6P/O0Xhw==",
            "dev": true,
            "requires": {
                "ms": "2.1.2"
            }
        },
        "element-plus": {
            "version": "1.1.0-beta.20",
            "resolved": "https://registry.npmjs.org/element-plus/-/element-plus-1.1.0-beta.20.tgz",
            "integrity": "sha512-5rBrLzfKGz4urSxqKi1tihylyotSswMCKdXpCAJAfRggMjtS1NfqVtrCYEPdjphmP2JHsj8TisDvbRTScRKF0Q==",
            "requires": {
                "@popperjs/core": "^2.10.1",
                "@vueuse/core": "~6.1.0",
                "async-validator": "^4.0.3",
                "dayjs": "^1.10.7",
                "lodash": "^4.17.21",
                "memoize-one": "^5.2.1",
                "normalize-wheel-es": "^1.1.0",
                "resize-observer-polyfill": "^1.5.1"
            }
        },
        "esbuild": {
            "version": "0.13.7",
            "resolved": "https://registry.npmjs.org/esbuild/-/esbuild-0.13.7.tgz",
            "integrity": "sha512-Ok3w+Pc9SNdNVEEJUUx9OvNZHwFyoKS0N+ceytfUB3wh/HxhRkOEc9dO8KR9AjfpFI82/Wg258GRDs1/8SFgKQ==",
            "dev": true,
            "requires": {
                "esbuild-android-arm64": "0.13.7",
                "esbuild-darwin-64": "0.13.7",
                "esbuild-darwin-arm64": "0.13.7",
                "esbuild-freebsd-64": "0.13.7",
                "esbuild-freebsd-arm64": "0.13.7",
                "esbuild-linux-32": "0.13.7",
                "esbuild-linux-64": "0.13.7",
                "esbuild-linux-arm": "0.13.7",
                "esbuild-linux-arm64": "0.13.7",
                "esbuild-linux-mips64le": "0.13.7",
                "esbuild-linux-ppc64le": "0.13.7",
                "esbuild-netbsd-64": "0.13.7",
                "esbuild-openbsd-64": "0.13.7",
                "esbuild-sunos-64": "0.13.7",
                "esbuild-windows-32": "0.13.7",
                "esbuild-windows-64": "0.13.7",
                "esbuild-windows-arm64": "0.13.7"
            }
        },
        "esbuild-android-arm64": {
            "version": "0.13.7",
            "resolved": "https://registry.npmjs.org/esbuild-android-arm64/-/esbuild-android-arm64-0.13.7.tgz",
            "integrity": "sha512-yqCTKzmm3jiUXgi0yeKhvwZCZTqClUXwwMRAntcM9u/xvXhmpw0V0Z4qDEpnkmF2NCMzmJRH+DAAQ5whuf3CYA==",
            "dev": true,
            "optional": true
        },
        "esbuild-darwin-64": {
            "version": "0.13.7",
            "resolved": "https://registry.npmjs.org/esbuild-darwin-64/-/esbuild-darwin-64-0.13.7.tgz",
            "integrity": "sha512-MvsgMUWzq5FxoeJLSavw3rgQbaC55A8QTI1U2/8MWamtAeDKyzWQnglcsF0/TkjGLaKEqS0ZLo8akJ8q34BCtw==",
            "dev": true,
            "optional": true
        },
        "esbuild-darwin-arm64": {
            "version": "0.13.7",
            "resolved": "https://registry.npmjs.org/esbuild-darwin-arm64/-/esbuild-darwin-arm64-0.13.7.tgz",
            "integrity": "sha512-tuP+dpIzXj17UC17VkHFDAH5nB7MajJK7sF8Fz4iVo8cml8YXj3MeNtjjLmx9YFvPs4XW3hFw1eqZJ06h2ssIA==",
            "dev": true,
            "optional": true
        },
        "esbuild-freebsd-64": {
            "version": "0.13.7",
            "resolved": "https://registry.npmjs.org/esbuild-freebsd-64/-/esbuild-freebsd-64-0.13.7.tgz",
            "integrity": "sha512-p07TrpkCJJyAXXCXFm2IpAvyASUTcuT0OF43riEsgjuRJmtaNBOUENecr2B2k/zd9wkGz6UyxxtnFntaBttkDg==",
            "dev": true,
            "optional": true
        },
        "esbuild-freebsd-arm64": {
            "version": "0.13.7",
            "resolved": "https://registry.npmjs.org/esbuild-freebsd-arm64/-/esbuild-freebsd-arm64-0.13.7.tgz",
            "integrity": "sha512-MCtfBRkE1GwAnjVoWPYoZ+S/+zanzWxAJVER1/8jmWobCXJG0w+YM2IXQ2fN4T9U96RusFWQDMJVoACnqhIAzg==",
            "dev": true,
            "optional": true
        },
        "esbuild-linux-32": {
            "version": "0.13.7",
            "resolved": "https://registry.npmjs.org/esbuild-linux-32/-/esbuild-linux-32-0.13.7.tgz",
            "integrity": "sha512-HM4d16XbqToo93LPrgzkiLgX3Xgr9Mw67tEM8vjhHDx18JnaZqPdIsl5ZfCqRGHlLUq+GdFKl6+dH7WlsiWMCA==",
            "dev": true,
            "optional": true
        },
        "esbuild-linux-64": {
            "version": "0.13.7",
            "resolved": "https://registry.npmjs.org/esbuild-linux-64/-/esbuild-linux-64-0.13.7.tgz",
            "integrity": "sha512-krgiIEyqcS0kfTjptGEQzdYwiEmmqpmiZHlKqZILVuU5BaIVWCBMmVx20HH9waJw1yT0Ao4fZTZ9kg8s/pKAYA==",
            "dev": true,
            "optional": true
        },
        "esbuild-linux-arm": {
            "version": "0.13.7",
            "resolved": "https://registry.npmjs.org/esbuild-linux-arm/-/esbuild-linux-arm-0.13.7.tgz",
            "integrity": "sha512-GOAt1brGG14mmQx2sRD3wHi3rih94OzhmDRVyo7JvlSmWOfEczPf7zL7YfmgjuktvvuLTERtTJzaih7nyCwPOg==",
            "dev": true,
            "optional": true
        },
        "esbuild-linux-arm64": {
            "version": "0.13.7",
            "resolved": "https://registry.npmjs.org/esbuild-linux-arm64/-/esbuild-linux-arm64-0.13.7.tgz",
            "integrity": "sha512-aM2BUTdbtzEUOuLqDusGCuWQRqc0JazgbA/6+Q9xhUgNLHGUMAsu4C5G0qPnJCTlWGZX+bcQYma6wFVEp9ibBg==",
            "dev": true,
            "optional": true
        },
        "esbuild-linux-mips64le": {
            "version": "0.13.7",
            "resolved": "https://registry.npmjs.org/esbuild-linux-mips64le/-/esbuild-linux-mips64le-0.13.7.tgz",
            "integrity": "sha512-+UJq6cxpc2ldaQFdpEDrBhqhluXsqCNlWiHccIjq25r+3YbFg0c/RJEypoVU7tjhGXUGWyWWQ7SLkzHYpf+Nsg==",
            "dev": true,
            "optional": true
        },
        "esbuild-linux-ppc64le": {
            "version": "0.13.7",
            "resolved": "https://registry.npmjs.org/esbuild-linux-ppc64le/-/esbuild-linux-ppc64le-0.13.7.tgz",
            "integrity": "sha512-6zwpliO4ZZtodDYM1JJEmSMpkd07I8bnNOKoHe7TOs9VhylXJooHh5ObSbSvk3FxCBs+jL5bxb24p10/Cg4RGw==",
            "dev": true,
            "optional": true
        },
        "esbuild-netbsd-64": {
            "version": "0.13.7",
            "resolved": "https://registry.npmjs.org/esbuild-netbsd-64/-/esbuild-netbsd-64-0.13.7.tgz",
            "integrity": "sha512-CfTHeTfJWlwjgfpApXYvECytLD6BzTWovLE0+28KT7bjU5fM4ieDYzRvjWjFAOB2X6DWpaoQnJAlhJirQBW0EQ==",
            "dev": true,
            "optional": true
        },
        "esbuild-openbsd-64": {
            "version": "0.13.7",
            "resolved": "https://registry.npmjs.org/esbuild-openbsd-64/-/esbuild-openbsd-64-0.13.7.tgz",
            "integrity": "sha512-qfW+f0MQfl72zVwgbV00I1kAP2zty+N031cNnQINcBmzHOSbEbaBQbUM0kawq+wdfgS/Xmppgf7nD1H8GWAvow==",
            "dev": true,
            "optional": true
        },
        "esbuild-sunos-64": {
            "version": "0.13.7",
            "resolved": "https://registry.npmjs.org/esbuild-sunos-64/-/esbuild-sunos-64-0.13.7.tgz",
            "integrity": "sha512-fVRM9mV0wAYLt92IqzudxACMLJZRQFx1oJsNeU4fPFmUxIkYE4C7G7z9vqI2eu9bpDo1fA+3+5djo/T/28Mckg==",
            "dev": true,
            "optional": true
        },
        "esbuild-windows-32": {
            "version": "0.13.7",
            "resolved": "https://registry.npmjs.org/esbuild-windows-32/-/esbuild-windows-32-0.13.7.tgz",
            "integrity": "sha512-v3csjeQtlHHWS1q/tE9rTRCSSU/fGvJVh1l7gkS93ysAaIMeC0j9Q0h2PxFpQ6yxuwftuDYfQdnkVGcqjkKM8A==",
            "dev": true,
            "optional": true
        },
        "esbuild-windows-64": {
            "version": "0.13.7",
            "resolved": "https://registry.npmjs.org/esbuild-windows-64/-/esbuild-windows-64-0.13.7.tgz",
            "integrity": "sha512-vk+yv/vYpHZP0vxSaxaA4EMaicuxy4E435EXkbsgk5UgpcQgSP0CVlIeaqtgfSM3IwGnpbagOirRVqqZqxyMDQ==",
            "dev": true,
            "optional": true
        },
        "esbuild-windows-arm64": {
            "version": "0.13.7",
            "resolved": "https://registry.npmjs.org/esbuild-windows-arm64/-/esbuild-windows-arm64-0.13.7.tgz",
            "integrity": "sha512-0Fp+IeG5qWLCK+U6d8L9/SnXkI6f3JMtauSQ8HHzw3Fl0pZ+VImUAUWZ3g2fhthNqp+t8dB3n238CJD6XBn15w==",
            "dev": true,
            "optional": true
        },
        "estree-walker": {
            "version": "2.0.2",
            "resolved": "https://registry.npmjs.org/estree-walker/-/estree-walker-2.0.2.tgz",
            "integrity": "sha512-Rfkk/Mp/DL7JVje3u18FxFujQlTNR2q6QfMSMB7AvCBx91NGj/ba3kCfza0f6dVDbw7YlRf/nDrn7pQrCCyQ/w=="
        },
        "fill-range": {
            "version": "7.0.1",
            "resolved": "https://registry.npmjs.org/fill-range/-/fill-range-7.0.1.tgz",
            "integrity": "sha512-qOo9F+dMUmC2Lcb4BbVvnKJxTPjCm+RRpe4gDuGrzkL7mEVl/djYSu2OdQ2Pa302N4oqkSg9ir6jaLWJ2USVpQ==",
            "dev": true,
            "requires": {
                "to-regex-range": "^5.0.1"
            }
        },
        "follow-redirects": {
            "version": "1.14.4",
            "resolved": "https://registry.npmjs.org/follow-redirects/-/follow-redirects-1.14.4.tgz",
            "integrity": "sha512-zwGkiSXC1MUJG/qmeIFH2HBJx9u0V46QGUe3YR1fXG8bXQxq7fLj0RjLZQ5nubr9qNJUZrH+xUcwXEoXNpfS+g=="
        },
        "fs-extra": {
            "version": "10.0.0",
            "resolved": "https://registry.npmjs.org/fs-extra/-/fs-extra-10.0.0.tgz",
            "integrity": "sha512-C5owb14u9eJwizKGdchcDUQeFtlSHHthBk8pbX9Vc1PFZrLombudjDnNns88aYslCyF6IY5SUw3Roz6xShcEIQ==",
            "dev": true,
            "requires": {
                "graceful-fs": "^4.2.0",
                "jsonfile": "^6.0.1",
                "universalify": "^2.0.0"
            }
        },
        "fsevents": {
            "version": "2.3.2",
            "resolved": "https://registry.npmjs.org/fsevents/-/fsevents-2.3.2.tgz",
            "integrity": "sha512-xiqMQR4xAeHTuB9uWm+fFRcIOgKBMiOBP+eXiyT7jsgVCq1bkVygt00oASowB7EdtpOHaaPgKt812P9ab+DDKA==",
            "dev": true,
            "optional": true
        },
        "function-bind": {
            "version": "1.1.1",
            "resolved": "https://registry.nlark.com/function-bind/download/function-bind-1.1.1.tgz",
            "integrity": "sha1-pWiZ0+o8m6uHS7l3O3xe3pL0iV0="
        },
        "get-intrinsic": {
            "version": "1.1.1",
            "resolved": "https://registry.nlark.com/get-intrinsic/download/get-intrinsic-1.1.1.tgz",
            "integrity": "sha1-FfWfN2+FXERpY5SPDSTNNje0q8Y=",
            "requires": {
                "function-bind": "^1.1.1",
                "has": "^1.0.3",
                "has-symbols": "^1.0.1"
            }
        },
        "glob-parent": {
            "version": "5.1.2",
            "resolved": "https://registry.npmjs.org/glob-parent/-/glob-parent-5.1.2.tgz",
            "integrity": "sha512-AOIgSQCepiJYwP3ARnGx+5VnTu2HBYdzbGP45eLw1vr3zB3vZLeyed1sC9hnbcOc9/SrMyM5RPQrkGz4aS9Zow==",
            "dev": true,
            "requires": {
                "is-glob": "^4.0.1"
            }
        },
        "graceful-fs": {
            "version": "4.2.8",
            "resolved": "https://registry.npmjs.org/graceful-fs/-/graceful-fs-4.2.8.tgz",
            "integrity": "sha512-qkIilPUYcNhJpd33n0GBXTB1MMPp14TxEsEs0pTrsSVucApsYzW5V+Q8Qxhik6KU3evy+qkAAowTByymK0avdg==",
            "dev": true
        },
        "has": {
            "version": "1.0.3",
            "resolved": "https://registry.nlark.com/has/download/has-1.0.3.tgz",
            "integrity": "sha1-ci18v8H2qoJB8W3YFOAR4fQeh5Y=",
            "requires": {
                "function-bind": "^1.1.1"
            }
        },
        "has-flag": {
            "version": "4.0.0",
            "resolved": "https://registry.npmjs.org/has-flag/-/has-flag-4.0.0.tgz",
            "integrity": "sha512-EykJT/Q1KjTWctppgIAgfSO0tKVuZUjhgMr17kqTumMl6Afv3EISleU7qZUzoXDFTAHTDC4NOoG/ZxU3EvlMPQ==",
            "dev": true
        },
        "has-symbols": {
            "version": "1.0.2",
            "resolved": "https://registry.npm.taobao.org/has-symbols/download/has-symbols-1.0.2.tgz?cache=0&sync_timestamp=1614443557459&other_urls=https%3A%2F%2Fregistry.npm.taobao.org%2Fhas-symbols%2Fdownload%2Fhas-symbols-1.0.2.tgz",
            "integrity": "sha1-Fl0wcMADCXUqEjakeTMeOsVvFCM="
        },
        "html2canvas": {
            "version": "1.3.2",
            "resolved": "https://registry.nlark.com/html2canvas/download/html2canvas-1.3.2.tgz?cache=0&sync_timestamp=1629033907288&other_urls=https%3A%2F%2Fregistry.nlark.com%2Fhtml2canvas%2Fdownload%2Fhtml2canvas-1.3.2.tgz",
            "integrity": "sha1-lRzIOIo86Tn9rAITEAfuKBJK/Cc=",
            "requires": {
                "css-line-break": "2.0.1",
                "text-segmentation": "^1.0.2"
            }
        },
        "ip-regex": {
            "version": "4.3.0",
            "resolved": "https://registry.npmjs.org/ip-regex/-/ip-regex-4.3.0.tgz",
            "integrity": "sha512-B9ZWJxHHOHUhUjCPrMpLD4xEq35bUTClHM1S6CBU5ixQnkZmwipwgc96vAd7AAGM9TGHvJR+Uss+/Ak6UphK+Q=="
        },
        "is-arrayish": {
            "version": "0.3.2",
            "resolved": "https://registry.npm.taobao.org/is-arrayish/download/is-arrayish-0.3.2.tgz",
            "integrity": "sha1-RXSirlb3qyBolvtDHq7tBm/fjwM="
        },
        "is-binary-path": {
            "version": "2.1.0",
            "resolved": "https://registry.npmjs.org/is-binary-path/-/is-binary-path-2.1.0.tgz",
            "integrity": "sha512-ZMERYes6pDydyuGidse7OsHxtbI7WVeUEozgR/g7rd0xUimYNlvZRE/K2MgZTjWy725IfelLeVcEM97mmtRGXw==",
            "dev": true,
            "requires": {
                "binary-extensions": "^2.0.0"
            }
        },
        "is-core-module": {
            "version": "2.8.0",
            "resolved": "https://registry.npmjs.org/is-core-module/-/is-core-module-2.8.0.tgz",
            "integrity": "sha512-vd15qHsaqrRL7dtH6QNuy0ndJmRDrS9HAM1CAiSifNUFv4x1a0CCVsj18hJ1mShxIG6T2i1sO78MkP56r0nYRw==",
            "dev": true,
            "requires": {
                "has": "^1.0.3"
            }
        },
        "is-extglob": {
            "version": "2.1.1",
            "resolved": "https://registry.npm.taobao.org/is-extglob/download/is-extglob-2.1.1.tgz",
            "integrity": "sha1-qIwCU1eR8C7TfHahueqXc8gz+MI=",
            "dev": true
        },
        "is-glob": {
            "version": "4.0.3",
            "resolved": "https://registry.npmjs.org/is-glob/-/is-glob-4.0.3.tgz",
            "integrity": "sha512-xelSayHH36ZgE7ZWhli7pW34hNbNl8Ojv5KVmkJD4hBdD3th8Tfk9vYasLM+mXWOZhFkgZfxhLSnrwRr4elSSg==",
            "dev": true,
            "requires": {
                "is-extglob": "^2.1.1"
            }
        },
        "is-mobile": {
            "version": "3.0.0",
            "resolved": "https://registry.nlark.com/is-mobile/download/is-mobile-3.0.0.tgz",
            "integrity": "sha1-aDAF86QK28DKWGfh1edde79m12Q="
        },
        "is-number": {
            "version": "7.0.0",
            "resolved": "https://registry.npmjs.org/is-number/-/is-number-7.0.0.tgz",
            "integrity": "sha512-41Cifkg6e8TylSpdtTpeLVMqvSBEVzTttHvERD741+pnZ8ANv0004MRL43QKPDlK9cGvNp6NZWZUBlbGXYxxng==",
            "dev": true
        },
        "jsonfile": {
            "version": "6.1.0",
            "resolved": "https://registry.npmjs.org/jsonfile/-/jsonfile-6.1.0.tgz",
            "integrity": "sha512-5dgndWOriYSm5cnYaJNhalLNDKOqFwyDB/rr1E9ZsGciGvKPs8R2xYGCacuf3z6K1YKDz182fd+fY3cn3pMqXQ==",
            "dev": true,
            "requires": {
                "graceful-fs": "^4.1.6",
                "universalify": "^2.0.0"
            }
        },
        "lodash": {
            "version": "4.17.21",
            "resolved": "https://registry.nlark.com/lodash/download/lodash-4.17.21.tgz?cache=0&sync_timestamp=1618847150612&other_urls=https%3A%2F%2Fregistry.nlark.com%2Flodash%2Fdownload%2Flodash-4.17.21.tgz",
            "integrity": "sha1-Z5WRxWTDv/quhFTPCz3zcMPWkRw="
        },
        "magic-string": {
            "version": "0.25.7",
            "resolved": "https://registry.npmjs.org/magic-string/-/magic-string-0.25.7.tgz",
            "integrity": "sha512-4CrMT5DOHTDk4HYDlzmwu4FVCcIYI8gauveasrdCu2IKIFOJ3f0v/8MDGJCDL9oD2ppz/Av1b0Nj345H9M+XIA==",
            "requires": {
                "sourcemap-codec": "^1.4.4"
            }
        },
        "memoize-one": {
            "version": "5.2.1",
            "resolved": "https://registry.npmjs.org/memoize-one/-/memoize-one-5.2.1.tgz",
            "integrity": "sha512-zYiwtZUcYyXKo/np96AGZAckk+FWWsUdJ3cHGGmld7+AhvcWmQyGCYUh1hc4Q/pkOhb65dQR/pqCyK0cOaHz4Q=="
        },
        "mime": {
            "version": "2.5.2",
            "resolved": "https://registry.npm.taobao.org/mime/download/mime-2.5.2.tgz",
            "integrity": "sha1-bj3GzCuVEGQ4MOXxnVy3U9pe6r4="
        },
        "ms": {
            "version": "2.1.2",
            "resolved": "https://registry.npmjs.org/ms/-/ms-2.1.2.tgz",
            "integrity": "sha512-sGkPx+VjMtmA6MX27oA4FBFELFCZZ4S4XqeGOXCv68tT+jb3vk/RyaKWP0PTKyWtmLSM0b+adUTEvbs1PEaH2w==",
            "dev": true
        },
        "nanoid": {
            "version": "3.1.30",
            "resolved": "https://registry.npmjs.org/nanoid/-/nanoid-3.1.30.tgz",
            "integrity": "sha512-zJpuPDwOv8D2zq2WRoMe1HsfZthVewpel9CAvTfc/2mBD1uUT/agc5f7GHGWXlYkFvi1mVxe4IjvP2HNrop7nQ=="
        },
        "normalize-path": {
            "version": "3.0.0",
            "resolved": "https://registry.npmjs.org/normalize-path/-/normalize-path-3.0.0.tgz",
            "integrity": "sha512-6eZs5Ls3WtCisHWp9S2GUy8dqkpGi4BVSz3GaqiE6ezub0512ESztXUwUB6C6IKbQkY2Pnb/mD4WYojCRwcwLA==",
            "dev": true
        },
        "normalize-wheel-es": {
            "version": "1.1.0",
            "resolved": "https://registry.npmjs.org/normalize-wheel-es/-/normalize-wheel-es-1.1.0.tgz",
            "integrity": "sha512-gkcE5xzp8WkSGgu2HItXePGyh3qDOetgPYg0RnjclOIaWTCMB75NTrk0t6KVlbm6ShSikV3ykBFZMiR9GDkvkA=="
        },
        "normalize.css": {
            "version": "8.0.1",
            "resolved": "https://registry.npm.taobao.org/normalize.css/download/normalize.css-8.0.1.tgz",
            "integrity": "sha1-m5iiCHOLnMJjTKrLxC0THJdIe/M="
        },
        "object-inspect": {
            "version": "1.11.0",
            "resolved": "https://registry.nlark.com/object-inspect/download/object-inspect-1.11.0.tgz",
            "integrity": "sha1-nc6xRs7dQUig2eUauI00z1CZIrE="
        },
        "path-parse": {
            "version": "1.0.7",
            "resolved": "https://registry.npmjs.org/path-parse/-/path-parse-1.0.7.tgz",
            "integrity": "sha512-LDJzPVEEEPR+y48z93A0Ed0yXb8pAByGWo/k5YYdYgpY2/2EsOsksJrq7lOHxryrVOn1ejG6oAp8ahvOIQD8sw==",
            "dev": true
        },
        "picocolors": {
            "version": "0.2.1",
            "resolved": "https://registry.npmjs.org/picocolors/-/picocolors-0.2.1.tgz",
            "integrity": "sha512-cMlDqaLEqfSaW8Z7N5Jw+lyIW869EzT73/F5lhtY9cLGoVxSXznfgfXMO0Z5K0o0Q2TkTXq+0KFsdnSe3jDViA=="
        },
        "picomatch": {
            "version": "2.3.0",
            "resolved": "https://registry.npmjs.org/picomatch/-/picomatch-2.3.0.tgz",
            "integrity": "sha512-lY1Q/PiJGC2zOv/z391WOTD+Z02bCgsFfvxoXXf6h7kv9o+WmsmzYqrAwY63sNgOxE4xEdq0WyUnXfKeBrSvYw==",
            "dev": true
        },
        "postcss": {
            "version": "8.3.9",
            "resolved": "https://registry.npmjs.org/postcss/-/postcss-8.3.9.tgz",
            "integrity": "sha512-f/ZFyAKh9Dnqytx5X62jgjhhzttjZS7hMsohcI7HEI5tjELX/HxCy3EFhsRxyzGvrzFF+82XPvCS8T9TFleVJw==",
            "requires": {
                "nanoid": "^3.1.28",
                "picocolors": "^0.2.1",
                "source-map-js": "^0.6.2"
            }
        },
        "qs": {
            "version": "6.10.1",
            "resolved": "https://registry.nlark.com/qs/download/qs-6.10.1.tgz",
            "integrity": "sha1-STFIL6jWR6Wqt5nFJx0hM7mB+2o=",
            "requires": {
                "side-channel": "^1.0.4"
            }
        },
        "readdirp": {
            "version": "3.6.0",
            "resolved": "https://registry.npmjs.org/readdirp/-/readdirp-3.6.0.tgz",
            "integrity": "sha512-hOS089on8RduqdbhvQ5Z37A0ESjsqz6qnRcffsMU3495FuTdqSm+7bhJ29JvIOsBDEEnan5DPu9t3To9VRlMzA==",
            "dev": true,
            "requires": {
                "picomatch": "^2.2.1"
            }
        },
        "resize-observer-polyfill": {
            "version": "1.5.1",
            "resolved": "https://registry.npmjs.org/resize-observer-polyfill/-/resize-observer-polyfill-1.5.1.tgz",
            "integrity": "sha512-LwZrotdHOo12nQuZlHEmtuXdqGoOD0OhaxopaNFxWzInpEgaLWoVuAMbTzixuosCx2nEG58ngzW3vxdWoxIgdg=="
        },
        "resolve": {
            "version": "1.20.0",
            "resolved": "https://registry.npmjs.org/resolve/-/resolve-1.20.0.tgz",
            "integrity": "sha512-wENBPt4ySzg4ybFQW2TT1zMQucPK95HSh/nq2CFTZVOGut2+pQvSsgtda4d26YrYcr067wjbmzOG8byDPBX63A==",
            "dev": true,
            "requires": {
                "is-core-module": "^2.2.0",
                "path-parse": "^1.0.6"
            }
        },
        "rollup": {
            "version": "2.58.0",
            "resolved": "https://registry.npmjs.org/rollup/-/rollup-2.58.0.tgz",
            "integrity": "sha512-NOXpusKnaRpbS7ZVSzcEXqxcLDOagN6iFS8p45RkoiMqPHDLwJm758UF05KlMoCRbLBTZsPOIa887gZJ1AiXvw==",
            "dev": true,
            "requires": {
                "fsevents": "~2.3.2"
            }
        },
        "sass": {
            "version": "1.43.2",
            "resolved": "https://registry.npmjs.org/sass/-/sass-1.43.2.tgz",
            "integrity": "sha512-DncYhjl3wBaPMMJR0kIUaH3sF536rVrOcqqVGmTZHQRRzj7LQlyGV7Mb8aCKFyILMr5VsPHwRYtyKpnKYlmQSQ==",
            "dev": true,
            "requires": {
                "chokidar": ">=3.0.0 <4.0.0"
            }
        },
        "screenfull": {
            "version": "5.1.0",
            "resolved": "https://registry.npm.taobao.org/screenfull/download/screenfull-5.1.0.tgz",
            "integrity": "sha1-hcE8cPTq1MG4qTXHABDf3NLA5cg="
        },
        "side-channel": {
            "version": "1.0.4",
            "resolved": "https://registry.nlark.com/side-channel/download/side-channel-1.0.4.tgz",
            "integrity": "sha1-785cj9wQTudRslxY1CkAEfpeos8=",
            "requires": {
                "call-bind": "^1.0.0",
                "get-intrinsic": "^1.0.2",
                "object-inspect": "^1.9.0"
            }
        },
        "simple-swizzle": {
            "version": "0.2.2",
            "resolved": "https://registry.npm.taobao.org/simple-swizzle/download/simple-swizzle-0.2.2.tgz",
            "integrity": "sha1-pNprY1/8zMoz9w0Xy5JZLeleVXo=",
            "requires": {
                "is-arrayish": "^0.3.1"
            }
        },
        "source-map": {
            "version": "0.6.1",
            "resolved": "https://registry.npmjs.org/source-map/-/source-map-0.6.1.tgz",
            "integrity": "sha512-UjgapumWlbMhkBgzT7Ykc5YXUT46F0iKu8SGXq0bcwP5dz/h0Plj6enJqjz1Zbq2l5WaqYnrVbwWOWMyF3F47g=="
        },
        "source-map-js": {
            "version": "0.6.2",
            "resolved": "https://registry.npmjs.org/source-map-js/-/source-map-js-0.6.2.tgz",
            "integrity": "sha512-/3GptzWzu0+0MBQFrDKzw/DvvMTUORvgY6k6jd/VS6iCR4RDTKWH6v6WPwQoUO8667uQEf9Oe38DxAYWY5F/Ug=="
        },
        "sourcemap-codec": {
            "version": "1.4.8",
            "resolved": "https://registry.npmjs.org/sourcemap-codec/-/sourcemap-codec-1.4.8.tgz",
            "integrity": "sha512-9NykojV5Uih4lgo5So5dtw+f0JgJX30KCNI8gwhz2J9A15wD0Ml6tjHKwf6fTSa6fAdVBdZeNOs9eJ71qCk8vA=="
        },
        "supports-color": {
            "version": "7.2.0",
            "resolved": "https://registry.npmjs.org/supports-color/-/supports-color-7.2.0.tgz",
            "integrity": "sha512-qpCAvRl9stuOHveKsn7HncJRvv501qIacKzQlO/+Lwxc9+0q2wLyv4Dfvt80/DPn2pqOBsJdDiogXGR9+OvwRw==",
            "dev": true,
            "requires": {
                "has-flag": "^4.0.0"
            }
        },
        "text-segmentation": {
            "version": "1.0.2",
            "resolved": "https://registry.nlark.com/text-segmentation/download/text-segmentation-1.0.2.tgz",
            "integrity": "sha1-H4KPoUqhAcEU3tG9o1un3MF8mFg=",
            "requires": {
                "utrie": "^1.0.1"
            }
        },
        "tlds": {
            "version": "1.224.0",
            "resolved": "https://registry.npmjs.org/tlds/-/tlds-1.224.0.tgz",
            "integrity": "sha512-Jgdc8SEijbDFUsmCn6Wk/f7E6jBLFZOG3U1xK0amGSfEH55Xx97ItUS/d2NngsuApjn11UeWCWj8Um3VRhseZQ=="
        },
        "to-regex-range": {
            "version": "5.0.1",
            "resolved": "https://registry.npmjs.org/to-regex-range/-/to-regex-range-5.0.1.tgz",
            "integrity": "sha512-65P7iz6X5yEr1cwcgvQxbbIw7Uk3gOy5dIdtZ4rDveLqhrdJP+Li/Hx6tyK0NEb+2GCyneCMJiGqrADCSNk8sQ==",
            "dev": true,
            "requires": {
                "is-number": "^7.0.0"
            }
        },
        "universalify": {
            "version": "2.0.0",
            "resolved": "https://registry.npmjs.org/universalify/-/universalify-2.0.0.tgz",
            "integrity": "sha512-hAZsKq7Yy11Zu1DE0OzWjw7nnLZmJZYTDZZyEFHZdUhV8FkH5MCfoU1XMaxXovpyW5nq5scPqq0ZDP9Zyl04oQ==",
            "dev": true
        },
        "url-regex": {
            "version": "5.0.0",
            "resolved": "https://registry.npmjs.org/url-regex/-/url-regex-5.0.0.tgz",
            "integrity": "sha512-O08GjTiAFNsSlrUWfqF1jH0H1W3m35ZyadHrGv5krdnmPPoxP27oDTqux/579PtaroiSGm5yma6KT1mHFH6Y/g==",
            "requires": {
                "ip-regex": "^4.1.0",
                "tlds": "^1.203.0"
            }
        },
        "utrie": {
            "version": "1.0.1",
            "resolved": "https://registry.nlark.com/utrie/download/utrie-1.0.1.tgz",
            "integrity": "sha1-4VUjXry93ImuCSYatudzzmFAGy8=",
            "requires": {
                "base64-arraybuffer": "^1.0.1"
            },
            "dependencies": {
                "base64-arraybuffer": {
                    "version": "1.0.1",
                    "resolved": "https://registry.nlark.com/base64-arraybuffer/download/base64-arraybuffer-1.0.1.tgz?cache=0&sync_timestamp=1628588823959&other_urls=https%3A%2F%2Fregistry.nlark.com%2Fbase64-arraybuffer%2Fdownload%2Fbase64-arraybuffer-1.0.1.tgz",
                    "integrity": "sha1-h70TUlYm20qYOOAKUIwrc+/PNIw="
                }
            }
        },
        "vite": {
            "version": "2.6.7",
            "resolved": "https://registry.npmjs.org/vite/-/vite-2.6.7.tgz",
            "integrity": "sha512-ewk//jve9k6vlU8PfJmWUHN8k0YYdw4VaKOMvoQ3nT2Pb6k5OSMKQi4jPOzVH/TlUqMsCrq7IJ80xcuDDVyigg==",
            "dev": true,
            "requires": {
                "esbuild": "^0.13.2",
                "fsevents": "~2.3.2",
                "postcss": "^8.3.8",
                "resolve": "^1.20.0",
                "rollup": "^2.57.0"
            }
        },
        "vite-plugin-compression": {
            "version": "0.3.5",
            "resolved": "https://registry.npmjs.org/vite-plugin-compression/-/vite-plugin-compression-0.3.5.tgz",
            "integrity": "sha512-W+zKccNTDRYPsM6MzbVGTX2hvnsVrxKfmGD2Z23VgqinFKhtmwGzNNFsnbslXbeTGHXclaE7MO5nm7O1cNY3ZA==",
            "dev": true,
            "requires": {
                "chalk": "^4.1.2",
                "debug": "^4.3.2",
                "fs-extra": "^10.0.0"
            }
        },
        "vue": {
            "version": "3.2.20",
            "resolved": "https://registry.npmjs.org/vue/-/vue-3.2.20.tgz",
            "integrity": "sha512-81JjEP4OGk9oO8+CU0h2nFPGgJBm9mNa3kdCX2k6FuRdrWrC+CNe+tOnuIeTg8EWwQuI+wwdra5Q7vSzp7p4Iw==",
            "requires": {
                "@vue/compiler-dom": "3.2.20",
                "@vue/compiler-sfc": "3.2.20",
                "@vue/runtime-dom": "3.2.20",
                "@vue/server-renderer": "3.2.20",
                "@vue/shared": "3.2.20"
            }
        },
        "vue-demi": {
            "version": "0.11.4",
            "resolved": "https://registry.npmjs.org/vue-demi/-/vue-demi-0.11.4.tgz",
            "integrity": "sha512-/3xFwzSykLW2HiiLie43a+FFgNOcokbBJ+fzvFXd0r2T8MYohqvphUyDQ8lbAwzQ3Dlcrb1c9ykifGkhSIAk6A=="
        },
        "vue-router": {
            "version": "4.0.12",
            "resolved": "https://registry.npmjs.org/vue-router/-/vue-router-4.0.12.tgz",
            "integrity": "sha512-CPXvfqe+mZLB1kBWssssTiWg4EQERyqJZes7USiqfW9B5N2x+nHlnsM1D3b5CaJ6qgCvMmYJnz+G0iWjNCvXrg==",
            "requires": {
                "@vue/devtools-api": "^6.0.0-beta.18"
            },
            "dependencies": {
                "@vue/devtools-api": {
                    "version": "6.0.0-beta.19",
                    "resolved": "https://registry.npmjs.org/@vue/devtools-api/-/devtools-api-6.0.0-beta.19.tgz",
                    "integrity": "sha512-ObzQhgkoVeoyKv+e8+tB/jQBL2smtk/NmC9OmFK8UqdDpoOdv/Kf9pyDWL+IFyM7qLD2C75rszJujvGSPSpGlw=="
                }
            }
        },
        "vuex": {
            "version": "4.0.2",
            "resolved": "https://registry.nlark.com/vuex/download/vuex-4.0.2.tgz",
            "integrity": "sha1-+Jbb1b8qDpY/AMZ+m2EN50nMrMk=",
            "requires": {
                "@vue/devtools-api": "^6.0.0-beta.11"
            }
        }
    }
}
